PODS:
  - Automattic-Tracks-iOS (0.6.0):
    - CocoaLumberjack (~> 3)
    - Reachability (~> 3)
    - Sentry (~> 4)
    - Sodium (= 0.9.1)
    - UIDeviceIdentifier (~> 1)
  - CocoaLumberjack (3.7.0):
    - CocoaLumberjack/Core (= 3.7.0)
  - CocoaLumberjack/Core (3.7.0)
  - Reachability (3.2)
  - Sentry (4.5.0):
    - Sentry/Core (= 4.5.0)
  - Sentry/Core (4.5.0)
  - Simperium-OSX (1.1.0):
    - Simperium-OSX/DiffMatchPach (= 1.1.0)
    - Simperium-OSX/JRSwizzle (= 1.1.0)
    - Simperium-OSX/SocketRocket (= 1.1.0)
    - Simperium-OSX/SPReachability (= 1.1.0)
    - Simperium-OSX/SSKeychain (= 1.1.0)
  - Simperium-OSX/DiffMatchPach (1.1.0)
  - Simperium-OSX/JRSwizzle (1.1.0)
  - Simperium-OSX/SocketRocket (1.1.0)
  - Simperium-OSX/SPReachability (1.1.0)
  - Simperium-OSX/SSKeychain (1.1.0)
  - Sodium (0.9.1)

DEPENDENCIES:
  - "Automattic-Tracks-iOS (from `git@github.com:Automattic/Automattic-Tracks-iOS`, branch `xcode-12-m1-arch`)"
  - Simperium-OSX (= 1.1)

SPEC REPOS:
  trunk:
    - CocoaLumberjack
    - Reachability
    - Sentry
    - Simperium-OSX
    - Sodium

EXTERNAL SOURCES:
  Automattic-Tracks-iOS:
    :branch: xcode-12-m1-arch
    :git: "git@github.com:Automattic/Automattic-Tracks-iOS"

CHECKOUT OPTIONS:
  Automattic-Tracks-iOS:
    :commit: 535fa3a27bc71f3fe59747d4bb983fba9bd9cd5d
    :git: "git@github.com:Automattic/Automattic-Tracks-iOS"

SPEC CHECKSUMS:
  Automattic-Tracks-iOS: 9bb00c8a596769f2d4e719d9c8f5010a28295218
  CocoaLumberjack: e8955b9d337ac307103b0a34fd141c32f27e53c5
  Reachability: 33e18b67625424e47b6cde6d202dce689ad7af96
  Sentry: ab6c209f23700d1460691dbc90e19ed0a05d496b
  Simperium-OSX: 705b67b53840c46953a5ae9309a77a9a5ee126fc
  Sodium: 23d11554ecd556196d313cf6130d406dfe7ac6da

PODFILE CHECKSUM: b2147036d073f3a592f13d6a0f122e102323e698

COCOAPODS: 1.10.1
